
Microsoft Visual Studio Solution File, Format Version 12.00
# Visual Studio Version 16
VisualStudioVersion = 16.0.31005.135
MinimumVisualStudioVersion = 10.0.40219.1
Project("{FAE04EC0-301F-11D3-BF4B-00C04F79EFBC}") = "MetricsManager", "MetricsManager\MetricsManager.csproj", "{A177D485-4720-4113-9F57-1F4E6DE9C2E2}"
EndProject
Global
	GlobalSection(SolutionConfigurationPlatforms) = preSolution
		Debug|Any CPU = Debug|Any CPU
		Release|Any CPU = Release|Any CPU
	EndGlobalSection
	GlobalSection(ProjectConfigurationPlatforms) = postSolution
		{A177D485-4720-4113-9F57-1F4E6DE9C2E2}.Debug|Any CPU.ActiveCfg = Debug|Any CPU
		{A177D485-4720-4113-9F57-1F4E6DE9C2E2}.Debug|Any CPU.Build.0 = Debug|Any CPU
		{A177D485-4720-4113-9F57-1F4E6DE9C2E2}.Release|Any CPU.ActiveCfg = Release|Any CPU
		{A177D485-4720-4113-9F57-1F4E6DE9C2E2}.Release|Any CPU.Build.0 = Release|Any CPU
	EndGlobalSection
	GlobalSection(SolutionProperties) = preSolution
		HideSolutionNode = FALSE
	EndGlobalSection
	GlobalSection(ExtensibilityGlobals) = postSolution
		SolutionGuid = {9C64CA77-8C9D-4F38-857F-09E29468B40F}
	EndGlobalSection
EndGlobal
